
Microsoft Visual Studio Solution File, Format Version 12.00
# Visual Studio Version 16
VisualStudioVersion = 16.0.31605.320
MinimumVisualStudioVersion = 10.0.40219.1
Project("{FAE04EC0-301F-11D3-BF4B-00C04F79EFBC}") = "WebApplication", "WebApplication\WebApplication.csproj", "{AB855B79-426D-48CC-99C5-0332CFC57BAC}"
EndProject
Global
	GlobalSection(SolutionConfigurationPlatforms) = preSolution
		Debug|Any CPU = Debug|Any CPU
		Release|Any CPU = Release|Any CPU
	EndGlobalSection
	GlobalSection(ProjectConfigurationPlatforms) = postSolution
		{AB855B79-426D-48CC-99C5-0332CFC57BAC}.Debug|Any CPU.ActiveCfg = Debug|Any CPU
		{AB855B79-426D-48CC-99C5-0332CFC57BAC}.Debug|Any CPU.Build.0 = Debug|Any CPU
		{AB855B79-426D-48CC-99C5-0332CFC57BAC}.Release|Any CPU.ActiveCfg = Release|Any CPU
		{AB855B79-426D-48CC-99C5-0332CFC57BAC}.Release|Any CPU.Build.0 = Release|Any CPU
	EndGlobalSection
	GlobalSection(SolutionProperties) = preSolution
		HideSolutionNode = FALSE
	EndGlobalSection
	GlobalSection(ExtensibilityGlobals) = postSolution
		SolutionGuid = {6D5F7FA8-29DD-4A92-B6DF-28F6FFD54A40}
	EndGlobalSection
EndGlobal
